
Microsoft Visual Studio Solution File, Format Version 12.00
# Visual Studio 2017
Project("{FAE04EC0-301F-11D3-BF4B-00C04F79EFBC}") = "347_final_project", "347_final_project.csproj", "{02747578-A5BE-0ED1-F664-9F19D4A762D8}"
EndProject
Project("{FAE04EC0-301F-11D3-BF4B-00C04F79EFBC}") = "347_final_project", "347_final_project.csproj", "{02747578-A5BE-0ED1-F664-9F19D4A762D8}"
EndProject
Project("{FAE04EC0-301F-11D3-BF4B-00C04F79EFBC}") = "347_final_project", "347_final_project.csproj", "{02747578-A5BE-0ED1-F664-9F19D4A762D8}"
EndProject
Project("{FAE04EC0-301F-11D3-BF4B-00C04F79EFBC}") = "347_final_project.Editor", "347_final_project.Editor.csproj", "{29F2B075-BD30-B29C-03C9-276446CEEF1C}"
EndProject
Project("{FAE04EC0-301F-11D3-BF4B-00C04F79EFBC}") = "347_final_project.Editor", "347_final_project.Editor.csproj", "{29F2B075-BD30-B29C-03C9-276446CEEF1C}"
EndProject
Project("{FAE04EC0-301F-11D3-BF4B-00C04F79EFBC}") = "347_final_project.Editor", "347_final_project.Editor.csproj", "{29F2B075-BD30-B29C-03C9-276446CEEF1C}"
EndProject
Global
	GlobalSection(SolutionConfigurationPlatforms) = preSolution
		Debug|Any CPU = Debug|Any CPU
		Release|Any CPU = Release|Any CPU
	EndGlobalSection
	GlobalSection(ProjectConfigurationPlatforms) = postSolution
		{02747578-A5BE-0ED1-F664-9F19D4A762D8}.Debug|Any CPU.ActiveCfg = Debug|Any CPU
		{02747578-A5BE-0ED1-F664-9F19D4A762D8}.Debug|Any CPU.Build.0 = Debug|Any CPU
		{02747578-A5BE-0ED1-F664-9F19D4A762D8}.Release|Any CPU.ActiveCfg = Release|Any CPU
		{02747578-A5BE-0ED1-F664-9F19D4A762D8}.Release|Any CPU.Build.0 = Release|Any CPU
		{02747578-A5BE-0ED1-F664-9F19D4A762D8}.Debug|Any CPU.ActiveCfg = Debug|Any CPU
		{02747578-A5BE-0ED1-F664-9F19D4A762D8}.Debug|Any CPU.Build.0 = Debug|Any CPU
		{02747578-A5BE-0ED1-F664-9F19D4A762D8}.Release|Any CPU.ActiveCfg = Release|Any CPU
		{02747578-A5BE-0ED1-F664-9F19D4A762D8}.Release|Any CPU.Build.0 = Release|Any CPU
		{02747578-A5BE-0ED1-F664-9F19D4A762D8}.Debug|Any CPU.ActiveCfg = Debug|Any CPU
		{02747578-A5BE-0ED1-F664-9F19D4A762D8}.Debug|Any CPU.Build.0 = Debug|Any CPU
		{02747578-A5BE-0ED1-F664-9F19D4A762D8}.Release|Any CPU.ActiveCfg = Release|Any CPU
		{02747578-A5BE-0ED1-F664-9F19D4A762D8}.Release|Any CPU.Build.0 = Release|Any CPU
		{29F2B075-BD30-B29C-03C9-276446CEEF1C}.Debug|Any CPU.ActiveCfg = Debug|Any CPU
		{29F2B075-BD30-B29C-03C9-276446CEEF1C}.Debug|Any CPU.Build.0 = Debug|Any CPU
		{29F2B075-BD30-B29C-03C9-276446CEEF1C}.Release|Any CPU.ActiveCfg = Release|Any CPU
		{29F2B075-BD30-B29C-03C9-276446CEEF1C}.Release|Any CPU.Build.0 = Release|Any CPU
		{29F2B075-BD30-B29C-03C9-276446CEEF1C}.Debug|Any CPU.ActiveCfg = Debug|Any CPU
		{29F2B075-BD30-B29C-03C9-276446CEEF1C}.Debug|Any CPU.Build.0 = Debug|Any CPU
		{29F2B075-BD30-B29C-03C9-276446CEEF1C}.Release|Any CPU.ActiveCfg = Release|Any CPU
		{29F2B075-BD30-B29C-03C9-276446CEEF1C}.Release|Any CPU.Build.0 = Release|Any CPU
		{29F2B075-BD30-B29C-03C9-276446CEEF1C}.Debug|Any CPU.ActiveCfg = Debug|Any CPU
		{29F2B075-BD30-B29C-03C9-276446CEEF1C}.Debug|Any CPU.Build.0 = Debug|Any CPU
		{29F2B075-BD30-B29C-03C9-276446CEEF1C}.Release|Any CPU.ActiveCfg = Release|Any CPU
		{29F2B075-BD30-B29C-03C9-276446CEEF1C}.Release|Any CPU.Build.0 = Release|Any CPU
	EndGlobalSection
	GlobalSection(SolutionProperties) = preSolution
		HideSolutionNode = FALSE
	EndGlobalSection
EndGlobal
